
Microsoft Visual Studio Solution File, Format Version 12.00
# Visual Studio Version 16
VisualStudioVersion = 16.0.30320.27
MinimumVisualStudioVersion = 10.0.40219.1
Project("{888888A0-9F3D-457C-B088-3A5042F75D52}") = "BackyardFlyer", "BackyardFlyer.pyproj", "{B79A7F76-4593-43D0-BD19-9D4A997733DC}"
EndProject
Global
	GlobalSection(SolutionConfigurationPlatforms) = preSolution
		Debug|Any CPU = Debug|Any CPU
		Release|Any CPU = Release|Any CPU
	EndGlobalSection
	GlobalSection(ProjectConfigurationPlatforms) = postSolution
		{B79A7F76-4593-43D0-BD19-9D4A997733DC}.Debug|Any CPU.ActiveCfg = Debug|Any CPU
		{B79A7F76-4593-43D0-BD19-9D4A997733DC}.Release|Any CPU.ActiveCfg = Release|Any CPU
	EndGlobalSection
	GlobalSection(SolutionProperties) = preSolution
		HideSolutionNode = FALSE
	EndGlobalSection
	GlobalSection(ExtensibilityGlobals) = postSolution
		SolutionGuid = {1B7D4F6C-BC69-4264-A3E8-E89A59AD314B}
	EndGlobalSection
EndGlobal
